
Microsoft Visual Studio Solution File, Format Version 12.00
# Visual Studio 2012
Project("{FAE04EC0-301F-11D3-BF4B-00C04F79EFBC}") = "DemoFileUpload", "DemoFileUpload\DemoFileUpload.csproj", "{9318CC5E-5A67-461A-9894-D7A55C87F4B6}"
EndProject
Global
	GlobalSection(SolutionConfigurationPlatforms) = preSolution
		Debug|Any CPU = Debug|Any CPU
		Release|Any CPU = Release|Any CPU
	EndGlobalSection
	GlobalSection(ProjectConfigurationPlatforms) = postSolution
		{9318CC5E-5A67-461A-9894-D7A55C87F4B6}.Debug|Any CPU.ActiveCfg = Debug|Any CPU
		{9318CC5E-5A67-461A-9894-D7A55C87F4B6}.Debug|Any CPU.Build.0 = Debug|Any CPU
		{9318CC5E-5A67-461A-9894-D7A55C87F4B6}.Release|Any CPU.ActiveCfg = Release|Any CPU
		{9318CC5E-5A67-461A-9894-D7A55C87F4B6}.Release|Any CPU.Build.0 = Release|Any CPU
	EndGlobalSection
	GlobalSection(SolutionProperties) = preSolution
		HideSolutionNode = FALSE
	EndGlobalSection
EndGlobal
